
Microsoft Visual Studio Solution File, Format Version 12.00
# Visual Studio Version 17
VisualStudioVersion = 17.3.32804.467
MinimumVisualStudioVersion = 10.0.40219.1
Project("{2150E333-8FDC-42A3-9474-1A3956D46DE8}") = "Services", "Services", "{38DBC84E-B86B-4D2A-AAFF-8BEAE0179769}"
EndProject
Project("{FAE04EC0-301F-11D3-BF4B-00C04F79EFBC}") = "Basket.API", "Services\Basket.API\Basket.API.csproj", "{12EA0DE8-FC78-4FBA-B07A-8198D23862A3}"
EndProject
Global
	GlobalSection(SolutionConfigurationPlatforms) = preSolution
		Debug|Any CPU = Debug|Any CPU
		Release|Any CPU = Release|Any CPU
	EndGlobalSection
	GlobalSection(ProjectConfigurationPlatforms) = postSolution
		{12EA0DE8-FC78-4FBA-B07A-8198D23862A3}.Debug|Any CPU.ActiveCfg = Debug|Any CPU
		{12EA0DE8-FC78-4FBA-B07A-8198D23862A3}.Debug|Any CPU.Build.0 = Debug|Any CPU
		{12EA0DE8-FC78-4FBA-B07A-8198D23862A3}.Release|Any CPU.ActiveCfg = Release|Any CPU
		{12EA0DE8-FC78-4FBA-B07A-8198D23862A3}.Release|Any CPU.Build.0 = Release|Any CPU
	EndGlobalSection
	GlobalSection(SolutionProperties) = preSolution
		HideSolutionNode = FALSE
	EndGlobalSection
	GlobalSection(NestedProjects) = preSolution
		{12EA0DE8-FC78-4FBA-B07A-8198D23862A3} = {38DBC84E-B86B-4D2A-AAFF-8BEAE0179769}
	EndGlobalSection
	GlobalSection(ExtensibilityGlobals) = postSolution
		SolutionGuid = {941AF27F-32AB-4BDE-8708-EC6A36E1875C}
	EndGlobalSection
EndGlobal
